<?xml version="1.0" encoding="utf-8"?>
<Project ToolsVersion="4.0" xmlns="http://schemas.microsoft.com/developer/msbuild/2003">
  <ItemGroup>
    <Filter Include="ソース ファイル">
      <UniqueIdentifier>{4FC737F1-C7A5-4376-A066-2A32D752A2FF}</UniqueIdentifier>
      <Extensions>cpp;c;cc;cxx;def;odl;idl;hpj;bat;asm;asmx</Extensions>
    </Filter>
    <Filter Include="ヘッダー ファイル">
      <UniqueIdentifier>{93995380-89BD-4b04-88EB-625FBE52EBFB}</UniqueIdentifier>
      <Extensions>h;hpp;hxx;hm;inl;inc;xsd</Extensions>
    </Filter>
    <Filter Include="リソース ファイル">
      <UniqueIdentifier>{67DA6AB6-F800-4c08-8B7A-83BB121AAD01}</UniqueIdentifier>
      <Extensions>rc;ico;cur;bmp;dlg;rc2;rct;bin;rgs;gif;jpg;jpeg;jpe;resx;tiff;tif;png;wav;mfcribbon-ms</Extensions>
    </Filter>
    <Filter Include="ソース ファイル\graphics">
      <UniqueIdentifier>{c0995873-7a5f-4e81-a1b7-639579f7fac0}</UniqueIdentifier>
    </Filter>
    <Filter Include="ソース ファイル\graphics\chart">
      <UniqueIdentifier>{65292c25-f016-4f3f-90aa-304e1374f4f5}</UniqueIdentifier>
    </Filter>
    <Filter Include="ソース ファイル\graphics\chart\data">
      <UniqueIdentifier>{0f1443e0-df8f-4bbc-ae35-05148e4a2255}</UniqueIdentifier>
    </Filter>
    <Filter Include="ソース ファイル\graphics\chart\legend">
      <UniqueIdentifier>{3c92788c-d06a-4e22-8633-ca0a4b2f3100}</UniqueIdentifier>
    </Filter>
    <Filter Include="ヘッダー ファイル\graphics">
      <UniqueIdentifier>{ee450548-b6e5-49cc-9aa8-ce7f6b6ce4b4}</UniqueIdentifier>
    </Filter>
    <Filter Include="ヘッダー ファイル\graphics\chart">
      <UniqueIdentifier>{c4531b18-673e-4d4b-8a40-eaecc61a2271}</UniqueIdentifier>
    </Filter>
    <Filter Include="ヘッダー ファイル\graphics\chart\data">
      <UniqueIdentifier>{d63aafd5-ba44-4d18-a41e-a60c6cf83f84}</UniqueIdentifier>
    </Filter>
    <Filter Include="ヘッダー ファイル\graphics\chart\legend">
      <UniqueIdentifier>{95f19ce1-b0a5-4a7d-86a1-f4aaf86ea30b}</UniqueIdentifier>
    </Filter>
    <Filter Include="ヘッダー ファイル\graphics\geometry">
      <UniqueIdentifier>{231d7be8-0bdd-4a4d-aed0-5a0326e131f1}</UniqueIdentifier>
    </Filter>
    <Filter Include="ソース ファイル\graphics\geometry">
      <UniqueIdentifier>{86078ce2-c562-4e8d-8a5f-ee9bb6d642fd}</UniqueIdentifier>
    </Filter>
  </ItemGroup>
  <ItemGroup>
    <ClInclude Include="stdafx.h">
      <Filter>ヘッダー ファイル</Filter>
    </ClInclude>
    <ClInclude Include="targetver.h">
      <Filter>ヘッダー ファイル</Filter>
    </ClInclude>
    <ClInclude Include="ChartDataSeriesBase.h">
      <Filter>ヘッダー ファイル\graphics\chart\data</Filter>
    </ClInclude>
    <ClInclude Include="ManualDataSeries.h">
      <Filter>ヘッダー ファイル\graphics\chart\data</Filter>
    </ClInclude>
    <ClInclude Include="Sample2DChartDataSeries.h">
      <Filter>ヘッダー ファイル\graphics\chart\data</Filter>
    </ClInclude>
    <ClInclude Include="SampleChartDataSeries.h">
      <Filter>ヘッダー ファイル\graphics\chart\data</Filter>
    </ClInclude>
    <ClInclude Include="ChartLegendBase.h">
      <Filter>ヘッダー ファイル\graphics\chart\legend</Filter>
    </ClInclude>
    <ClInclude Include="Simple4DChartLegend.h">
      <Filter>ヘッダー ファイル\graphics\chart\legend</Filter>
    </ClInclude>
    <ClInclude Include="SimpleBarChartLegend.h">
      <Filter>ヘッダー ファイル\graphics\chart\legend</Filter>
    </ClInclude>
    <ClInclude Include="SimpleLineChartLegend.h">
      <Filter>ヘッダー ファイル\graphics\chart\legend</Filter>
    </ClInclude>
    <ClInclude Include="GraphicsContainer.h">
      <Filter>ヘッダー ファイル\graphics</Filter>
    </ClInclude>
    <ClInclude Include="GraphicsBase.h">
      <Filter>ヘッダー ファイル\graphics</Filter>
    </ClInclude>
    <ClInclude Include="GraphicsRenderer.h">
      <Filter>ヘッダー ファイル\graphics</Filter>
    </ClInclude>
    <ClInclude Include="F35Helper.h">
      <Filter>ヘッダー ファイル</Filter>
    </ClInclude>
    <ClInclude Include="SimpleChartGraphics.h">
      <Filter>ヘッダー ファイル\graphics\chart</Filter>
    </ClInclude>
    <ClInclude Include="ChartGraphicsBase.h">
      <Filter>ヘッダー ファイル\graphics\chart</Filter>
    </ClInclude>
    <ClInclude Include="TestGraphics.h">
      <Filter>ヘッダー ファイル</Filter>
    </ClInclude>
    <ClInclude Include="GeometryBase.h">
      <Filter>ヘッダー ファイル\graphics\geometry</Filter>
    </ClInclude>
    <ClInclude Include="RendererBase.h">
      <Filter>ヘッダー ファイル</Filter>
    </ClInclude>
  </ItemGroup>
  <ItemGroup>
    <ClCompile Include="stdafx.cpp">
      <Filter>ソース ファイル</Filter>
    </ClCompile>
    <ClCompile Include="ChartLegendBase.cpp">
      <Filter>ソース ファイル\graphics\chart\legend</Filter>
    </ClCompile>
    <ClCompile Include="Simple4DChartLegend.cpp">
      <Filter>ソース ファイル\graphics\chart\legend</Filter>
    </ClCompile>
    <ClCompile Include="SimpleBarChartLegend.cpp">
      <Filter>ソース ファイル\graphics\chart\legend</Filter>
    </ClCompile>
    <ClCompile Include="SimpleLineChartLegend.cpp">
      <Filter>ソース ファイル\graphics\chart\legend</Filter>
    </ClCompile>
    <ClCompile Include="ManualDataSeries.cpp">
      <Filter>ソース ファイル\graphics\chart\data</Filter>
    </ClCompile>
    <ClCompile Include="Sample2DChartDataSeries.cpp">
      <Filter>ソース ファイル\graphics\chart\data</Filter>
    </ClCompile>
    <ClCompile Include="SampleChartDataSeries.cpp">
      <Filter>ソース ファイル\graphics\chart\data</Filter>
    </ClCompile>
    <ClCompile Include="GraphicsContainer.cpp">
      <Filter>ソース ファイル\graphics</Filter>
    </ClCompile>
    <ClCompile Include="GraphicsBase.cpp">
      <Filter>ソース ファイル\graphics</Filter>
    </ClCompile>
    <ClCompile Include="GraphicsRenderer.cpp">
      <Filter>ソース ファイル\graphics</Filter>
    </ClCompile>
    <ClCompile Include="F35Helper.cpp">
      <Filter>ソース ファイル</Filter>
    </ClCompile>
    <ClCompile Include="TestGraphics.cpp">
      <Filter>ソース ファイル</Filter>
    </ClCompile>
    <ClCompile Include="ChartGraphicsBase.cpp">
      <Filter>ソース ファイル\graphics\chart</Filter>
    </ClCompile>
    <ClCompile Include="SimpleChartGraphics.cpp">
      <Filter>ソース ファイル\graphics\chart</Filter>
    </ClCompile>
    <ClCompile Include="GeometryBase.cpp">
      <Filter>ソース ファイル\graphics\geometry</Filter>
    </ClCompile>
    <ClCompile Include="RendererBase.cpp">
      <Filter>ソース ファイル</Filter>
    </ClCompile>
  </ItemGroup>
</Project>